
Microsoft Visual Studio Solution File, Format Version 12.00
# Visual Studio Version 16
VisualStudioVersion = 16.0.29009.5
MinimumVisualStudioVersion = 10.0.40219.1
Project("{FAE04EC0-301F-11D3-BF4B-00C04F79EFBC}") = "SanityArchiver", "SanityArchiver\SanityArchiver.csproj", "{C03619FA-2988-43BC-882C-E165F681AC7D}"
EndProject
Global
	GlobalSection(SolutionConfigurationPlatforms) = preSolution
		Debug|Any CPU = Debug|Any CPU
		Release|Any CPU = Release|Any CPU
	EndGlobalSection
	GlobalSection(ProjectConfigurationPlatforms) = postSolution
		{C03619FA-2988-43BC-882C-E165F681AC7D}.Debug|Any CPU.ActiveCfg = Debug|Any CPU
		{C03619FA-2988-43BC-882C-E165F681AC7D}.Debug|Any CPU.Build.0 = Debug|Any CPU
		{C03619FA-2988-43BC-882C-E165F681AC7D}.Release|Any CPU.ActiveCfg = Release|Any CPU
		{C03619FA-2988-43BC-882C-E165F681AC7D}.Release|Any CPU.Build.0 = Release|Any CPU
	EndGlobalSection
	GlobalSection(SolutionProperties) = preSolution
		HideSolutionNode = FALSE
	EndGlobalSection
	GlobalSection(ExtensibilityGlobals) = postSolution
		SolutionGuid = {65EAA867-1EB1-4314-B6A7-4ADC57D56FC5}
	EndGlobalSection
EndGlobal
